
Microsoft Visual Studio Solution File, Format Version 12.00
# Visual Studio 15
VisualStudioVersion = 15.0.27130.2027
MinimumVisualStudioVersion = 10.0.40219.1
Project("{FAE04EC0-301F-11D3-BF4B-00C04F79EFBC}") = "DevChatter.SoundBoard.WinForms", "DevChatter.SoundBoard.WinForms\DevChatter.SoundBoard.WinForms.csproj", "{878DE94B-DBF3-43AE-8261-D066304869B1}"
EndProject
Project("{FAE04EC0-301F-11D3-BF4B-00C04F79EFBC}") = "DevChatter.SoundBoard.Core", "DevChatter.SoundBoard.Core\DevChatter.SoundBoard.Core.csproj", "{8BA6D61B-AE92-42BE-9067-D0C76E430CFB}"
EndProject
Project("{FAE04EC0-301F-11D3-BF4B-00C04F79EFBC}") = "UnitTests", "UnitTests\UnitTests.csproj", "{0831554C-25C7-450C-BC39-0FB6B6EB0A47}"
EndProject
Project("{FAE04EC0-301F-11D3-BF4B-00C04F79EFBC}") = "DevChatter.SoundBoard.Infra", "DevChatter.SoundBoard.Infra\DevChatter.SoundBoard.Infra.csproj", "{09C25CB6-8936-4EE5-B02A-3FCBAA6A8C21}"
EndProject
Global
	GlobalSection(SolutionConfigurationPlatforms) = preSolution
		Debug|Any CPU = Debug|Any CPU
		Release|Any CPU = Release|Any CPU
	EndGlobalSection
	GlobalSection(ProjectConfigurationPlatforms) = postSolution
		{878DE94B-DBF3-43AE-8261-D066304869B1}.Debug|Any CPU.ActiveCfg = Debug|Any CPU
		{878DE94B-DBF3-43AE-8261-D066304869B1}.Debug|Any CPU.Build.0 = Debug|Any CPU
		{878DE94B-DBF3-43AE-8261-D066304869B1}.Release|Any CPU.ActiveCfg = Release|Any CPU
		{878DE94B-DBF3-43AE-8261-D066304869B1}.Release|Any CPU.Build.0 = Release|Any CPU
		{8BA6D61B-AE92-42BE-9067-D0C76E430CFB}.Debug|Any CPU.ActiveCfg = Debug|Any CPU
		{8BA6D61B-AE92-42BE-9067-D0C76E430CFB}.Debug|Any CPU.Build.0 = Debug|Any CPU
		{8BA6D61B-AE92-42BE-9067-D0C76E430CFB}.Release|Any CPU.ActiveCfg = Release|Any CPU
		{8BA6D61B-AE92-42BE-9067-D0C76E430CFB}.Release|Any CPU.Build.0 = Release|Any CPU
		{0831554C-25C7-450C-BC39-0FB6B6EB0A47}.Debug|Any CPU.ActiveCfg = Debug|Any CPU
		{0831554C-25C7-450C-BC39-0FB6B6EB0A47}.Debug|Any CPU.Build.0 = Debug|Any CPU
		{0831554C-25C7-450C-BC39-0FB6B6EB0A47}.Release|Any CPU.ActiveCfg = Release|Any CPU
		{0831554C-25C7-450C-BC39-0FB6B6EB0A47}.Release|Any CPU.Build.0 = Release|Any CPU
		{09C25CB6-8936-4EE5-B02A-3FCBAA6A8C21}.Debug|Any CPU.ActiveCfg = Debug|Any CPU
		{09C25CB6-8936-4EE5-B02A-3FCBAA6A8C21}.Debug|Any CPU.Build.0 = Debug|Any CPU
		{09C25CB6-8936-4EE5-B02A-3FCBAA6A8C21}.Release|Any CPU.ActiveCfg = Release|Any CPU
		{09C25CB6-8936-4EE5-B02A-3FCBAA6A8C21}.Release|Any CPU.Build.0 = Release|Any CPU
	EndGlobalSection
	GlobalSection(SolutionProperties) = preSolution
		HideSolutionNode = FALSE
	EndGlobalSection
	GlobalSection(ExtensibilityGlobals) = postSolution
		SolutionGuid = {F6773891-F454-4EF4-9B2A-6DCAE04EBD4D}
	EndGlobalSection
EndGlobal
